
Microsoft Visual Studio Solution File, Format Version 12.00
# Visual Studio Version 17
VisualStudioVersion = 17.4.33205.214
MinimumVisualStudioVersion = 10.0.40219.1
Project("{888888A0-9F3D-457C-B088-3A5042F75D52}") = "Krivo", "Krivo.pyproj", "{7D50597D-8560-4A3B-A690-D55A7595DAC3}"
EndProject
Global
	GlobalSection(SolutionConfigurationPlatforms) = preSolution
		Debug|Any CPU = Debug|Any CPU
		Release|Any CPU = Release|Any CPU
	EndGlobalSection
	GlobalSection(ProjectConfigurationPlatforms) = postSolution
		{7D50597D-8560-4A3B-A690-D55A7595DAC3}.Debug|Any CPU.ActiveCfg = Debug|Any CPU
		{7D50597D-8560-4A3B-A690-D55A7595DAC3}.Release|Any CPU.ActiveCfg = Release|Any CPU
	EndGlobalSection
	GlobalSection(SolutionProperties) = preSolution
		HideSolutionNode = FALSE
	EndGlobalSection
	GlobalSection(ExtensibilityGlobals) = postSolution
		SolutionGuid = {FC1332E0-7309-4C55-89F8-29FDE7C0DBD7}
	EndGlobalSection
EndGlobal
